github.com/headfirstgo/keyboard v0.0.0-20170926053303-9930bcf72703 h1:dUWxlI5MeD7l7XKR5IruZBR6R+BrNJaJFQ/CMCL0whU=
github.com/headfirstgo/keyboard v0.0.0-20170926053303-9930bcf72703/go.mod h1:6d1pa/JpFQHwXHOqD+gxvdJe30EkP5mnc3I6lE9yTaQ=
github.com/tyatyushkin/magazine v0.0.0-20220827083239-908cb02b6f86 h1:pK/8//nPKAVBmcRfHQs3e/Wnvn/p6Hb4C/DkM8I3IC0=
github.com/tyatyushkin/magazine v0.0.0-20220827083239-908cb02b6f86/go.mod h1:HMBsnyR6acfTWs9BXUUxZRxbJ5/sDj8gKPoMjLxdty4=
