github.com/headfirstgo/keyboard v0.0.0-20170926053303-9930bcf72703 h1:dUWxlI5MeD7l7XKR5IruZBR6R+BrNJaJFQ/CMCL0whU=
github.com/headfirstgo/keyboard v0.0.0-20170926053303-9930bcf72703/go.mod h1:6d1pa/JpFQHwXHOqD+gxvdJe30EkP5mnc3I6lE9yTaQ=
github.com/tyatyushkin/magazine v0.0.0-20220827084829-4aa19f5849e8 h1:6bFtJV9UqsMmBoM0fuAOhm+pGrbeSLy8zS+t2HkrXCQ=
github.com/tyatyushkin/magazine v0.0.0-20220827084829-4aa19f5849e8/go.mod h1:HMBsnyR6acfTWs9BXUUxZRxbJ5/sDj8gKPoMjLxdty4=
